
Microsoft Visual Studio Solution File, Format Version 12.00
# Visual Studio Version 17
VisualStudioVersion = 17.10.35013.160
MinimumVisualStudioVersion = 10.0.40219.1
Project("{FAE04EC0-301F-11D3-BF4B-00C04F79EFBC}") = "mini-app-json-database", "mini-app-json-database\mini-app-json-database.csproj", "{BF1F8B7B-D742-447F-A2E9-D78009ED1F22}"
EndProject
Global
	GlobalSection(SolutionConfigurationPlatforms) = preSolution
		Debug|Any CPU = Debug|Any CPU
		Release|Any CPU = Release|Any CPU
	EndGlobalSection
	GlobalSection(ProjectConfigurationPlatforms) = postSolution
		{BF1F8B7B-D742-447F-A2E9-D78009ED1F22}.Debug|Any CPU.ActiveCfg = Debug|Any CPU
		{BF1F8B7B-D742-447F-A2E9-D78009ED1F22}.Debug|Any CPU.Build.0 = Debug|Any CPU
		{BF1F8B7B-D742-447F-A2E9-D78009ED1F22}.Release|Any CPU.ActiveCfg = Release|Any CPU
		{BF1F8B7B-D742-447F-A2E9-D78009ED1F22}.Release|Any CPU.Build.0 = Release|Any CPU
	EndGlobalSection
	GlobalSection(SolutionProperties) = preSolution
		HideSolutionNode = FALSE
	EndGlobalSection
	GlobalSection(ExtensibilityGlobals) = postSolution
		SolutionGuid = {CB2A39D6-A871-4867-9437-099CDF54146F}
	EndGlobalSection
EndGlobal
